{
  "name": "@boon/common/core",
  "version": "0.0.1",
  "lockfileVersion": 2,
  "requires": true,
  "packages": {
    "": {
      "name": "@boon/common/core",
      "version": "0.0.1",
      "devDependencies": {
        "@types/validator": "^13.7.11"
      }
    },
    "node_modules/@types/validator": {
      "version": "13.7.11",
      "resolved": "https://registry.npmjs.org/@types/validator/-/validator-13.7.11.tgz",
      "integrity": "sha512-WqTos+CnAKN64YwyBMhgUYhb5VsTNKwUY6AuzG5qu9/pFZJar/RJFMZBXwX7VS+uzYi+lIAr3WkvuWqEI9F2eg==",
      "dev": true
    }
  },
  "dependencies": {
    "@types/validator": {
      "version": "13.7.11",
      "resolved": "https://registry.npmjs.org/@types/validator/-/validator-13.7.11.tgz",
      "integrity": "sha512-WqTos+CnAKN64YwyBMhgUYhb5VsTNKwUY6AuzG5qu9/pFZJar/RJFMZBXwX7VS+uzYi+lIAr3WkvuWqEI9F2eg==",
      "dev": true
    }
  }
}
